
Microsoft Visual Studio Solution File, Format Version 12.00
# Visual Studio Version 16
VisualStudioVersion = 16.0.29728.190
MinimumVisualStudioVersion = 10.0.40219.1
Project("{FAE04EC0-301F-11D3-BF4B-00C04F79EFBC}") = "PassControlManagement", "PassControlManagement.csproj", "{76C2DAC5-770E-4D92-BFAE-8AD94F0408A2}"
EndProject
Global
	GlobalSection(SolutionConfigurationPlatforms) = preSolution
		Debug|Any CPU = Debug|Any CPU
		Release|Any CPU = Release|Any CPU
	EndGlobalSection
	GlobalSection(ProjectConfigurationPlatforms) = postSolution
		{76C2DAC5-770E-4D92-BFAE-8AD94F0408A2}.Debug|Any CPU.ActiveCfg = Debug|Any CPU
		{76C2DAC5-770E-4D92-BFAE-8AD94F0408A2}.Debug|Any CPU.Build.0 = Debug|Any CPU
		{76C2DAC5-770E-4D92-BFAE-8AD94F0408A2}.Release|Any CPU.ActiveCfg = Release|Any CPU
		{76C2DAC5-770E-4D92-BFAE-8AD94F0408A2}.Release|Any CPU.Build.0 = Release|Any CPU
	EndGlobalSection
	GlobalSection(SolutionProperties) = preSolution
		HideSolutionNode = FALSE
	EndGlobalSection
	GlobalSection(ExtensibilityGlobals) = postSolution
		SolutionGuid = {358274BF-75DC-4E9A-BB5C-1FFFA5A4202B}
	EndGlobalSection
EndGlobal
