
Microsoft Visual Studio Solution File, Format Version 12.00
# Visual Studio Version 16
VisualStudioVersion = 16.0.29728.190
MinimumVisualStudioVersion = 10.0.40219.1
Project("{FAE04EC0-301F-11D3-BF4B-00C04F79EFBC}") = "PassControlManagement", "PassControlManagement.csproj", "{76C2DAC5-770E-4D92-BFAE-8AD94F0408A2}"
EndProject
Project("{FAE04EC0-301F-11D3-BF4B-00C04F79EFBC}") = "PassControlLibrary", "..\PassControlLibrary\PassControlLibrary.csproj", "{F0BD7928-40A1-4779-A4F5-FD44573A06EF}"
EndProject
Project("{FAE04EC0-301F-11D3-BF4B-00C04F79EFBC}") = "PassControlTest", "..\PassControlTest\PassControlTest.csproj", "{EF6478EB-8A3E-45D1-A1CD-C06446C87FB0}"
EndProject
Global
	GlobalSection(SolutionConfigurationPlatforms) = preSolution
		Debug|Any CPU = Debug|Any CPU
		Release|Any CPU = Release|Any CPU
	EndGlobalSection
	GlobalSection(ProjectConfigurationPlatforms) = postSolution
		{76C2DAC5-770E-4D92-BFAE-8AD94F0408A2}.Debug|Any CPU.ActiveCfg = Debug|Any CPU
		{76C2DAC5-770E-4D92-BFAE-8AD94F0408A2}.Debug|Any CPU.Build.0 = Debug|Any CPU
		{76C2DAC5-770E-4D92-BFAE-8AD94F0408A2}.Release|Any CPU.ActiveCfg = Release|Any CPU
		{76C2DAC5-770E-4D92-BFAE-8AD94F0408A2}.Release|Any CPU.Build.0 = Release|Any CPU
		{F0BD7928-40A1-4779-A4F5-FD44573A06EF}.Debug|Any CPU.ActiveCfg = Debug|Any CPU
		{F0BD7928-40A1-4779-A4F5-FD44573A06EF}.Debug|Any CPU.Build.0 = Debug|Any CPU
		{F0BD7928-40A1-4779-A4F5-FD44573A06EF}.Release|Any CPU.ActiveCfg = Release|Any CPU
		{F0BD7928-40A1-4779-A4F5-FD44573A06EF}.Release|Any CPU.Build.0 = Release|Any CPU
		{EF6478EB-8A3E-45D1-A1CD-C06446C87FB0}.Debug|Any CPU.ActiveCfg = Debug|Any CPU
		{EF6478EB-8A3E-45D1-A1CD-C06446C87FB0}.Debug|Any CPU.Build.0 = Debug|Any CPU
		{EF6478EB-8A3E-45D1-A1CD-C06446C87FB0}.Release|Any CPU.ActiveCfg = Release|Any CPU
		{EF6478EB-8A3E-45D1-A1CD-C06446C87FB0}.Release|Any CPU.Build.0 = Release|Any CPU
	EndGlobalSection
	GlobalSection(SolutionProperties) = preSolution
		HideSolutionNode = FALSE
	EndGlobalSection
	GlobalSection(ExtensibilityGlobals) = postSolution
		SolutionGuid = {358274BF-75DC-4E9A-BB5C-1FFFA5A4202B}
	EndGlobalSection
EndGlobal
